
Microsoft Visual Studio Solution File, Format Version 12.00
# Visual Studio Version 17
VisualStudioVersion = 17.13.35931.197
MinimumVisualStudioVersion = 10.0.40219.1
Project("{FAE04EC0-301F-11D3-BF4B-00C04F79EFBC}") = "ArbiTrack", "ArbiTrack\ArbiTrack.csproj", "{EF50F0B5-8C01-4688-AEAF-FB5DEA86CF22}"
EndProject
Project("{FAE04EC0-301F-11D3-BF4B-00C04F79EFBC}") = "ArbiTrack.Data", "ArbiTrack.Data\ArbiTrack.Data.csproj", "{41392FE1-70A0-4883-B927-C4CBF146BF7E}"
EndProject
Global
	GlobalSection(SolutionConfigurationPlatforms) = preSolution
		Debug|Any CPU = Debug|Any CPU
		Release|Any CPU = Release|Any CPU
	EndGlobalSection
	GlobalSection(ProjectConfigurationPlatforms) = postSolution
		{EF50F0B5-8C01-4688-AEAF-FB5DEA86CF22}.Debug|Any CPU.ActiveCfg = Debug|Any CPU
		{EF50F0B5-8C01-4688-AEAF-FB5DEA86CF22}.Debug|Any CPU.Build.0 = Debug|Any CPU
		{EF50F0B5-8C01-4688-AEAF-FB5DEA86CF22}.Debug|Any CPU.Deploy.0 = Debug|Any CPU
		{EF50F0B5-8C01-4688-AEAF-FB5DEA86CF22}.Release|Any CPU.ActiveCfg = Release|Any CPU
		{EF50F0B5-8C01-4688-AEAF-FB5DEA86CF22}.Release|Any CPU.Build.0 = Release|Any CPU
		{41392FE1-70A0-4883-B927-C4CBF146BF7E}.Debug|Any CPU.ActiveCfg = Debug|Any CPU
		{41392FE1-70A0-4883-B927-C4CBF146BF7E}.Debug|Any CPU.Build.0 = Debug|Any CPU
		{41392FE1-70A0-4883-B927-C4CBF146BF7E}.Release|Any CPU.ActiveCfg = Release|Any CPU
		{41392FE1-70A0-4883-B927-C4CBF146BF7E}.Release|Any CPU.Build.0 = Release|Any CPU
	EndGlobalSection
	GlobalSection(SolutionProperties) = preSolution
		HideSolutionNode = FALSE
	EndGlobalSection
	GlobalSection(ExtensibilityGlobals) = postSolution
		SolutionGuid = {5E93824F-1A57-4703-8ADA-0F91ADA17D32}
	EndGlobalSection
	GlobalSection(TeamFoundationVersionControl) = preSolution
		SccNumberOfProjects = 3
		SccEnterpriseProvider = {4CA58AB2-18FA-4F8D-95D4-32DDF27D184C}
		SccTeamFoundationServer = https://saykor.visualstudio.com/
		SccLocalPath0 = .
		SccProjectUniqueName1 = ArbiTrack.Data\\ArbiTrack.Data.csproj
		SccProjectName1 = ArbiTrack.Data
		SccLocalPath1 = ArbiTrack.Data
		SccProjectUniqueName2 = ArbiTrack\\ArbiTrack.csproj
		SccProjectName2 = ArbiTrack
		SccLocalPath2 = ArbiTrack
	EndGlobalSection
EndGlobal
